// !$*UTF8*$!
{
	archiveVersion = 1;
	classes = {
	};
	objectVersion = 50;
	objects = {

/* Begin PBXBuildFile section */
		9A52B71224E8D3D200286168 /* AlbumDetailViewController.swift in Sources */ = {isa = PBXBuildFile; fileRef = 9A52B71124E8D3D200286168 /* AlbumDetailViewController.swift */; };
		9A52B71924E97EDB00286168 /* SearchAlbum.swift in Sources */ = {isa = PBXBuildFile; fileRef = 9A52B71824E97EDA00286168 /* SearchAlbum.swift */; };
		9A52B71C24E9979E00286168 /* MockData.swift in Sources */ = {isa = PBXBuildFile; fileRef = 9A52B71B24E9979E00286168 /* MockData.swift */; };
		9A52B71F24E99A0600286168 /* AlertTests.swift in Sources */ = {isa = PBXBuildFile; fileRef = 9A52B71D24E99A0500286168 /* AlertTests.swift */; };
		9A52B72024E99A0600286168 /* BindableTests.swift in Sources */ = {isa = PBXBuildFile; fileRef = 9A52B71E24E99A0500286168 /* BindableTests.swift */; };
		9A52B72424E9B48400286168 /* HomeViewController+CollectionView.swift in Sources */ = {isa = PBXBuildFile; fileRef = 9A52B72324E9B48400286168 /* HomeViewController+CollectionView.swift */; };
		9A52B72624E9B4AC00286168 /* HomeViewController+SearchBar.swift in Sources */ = {isa = PBXBuildFile; fileRef = 9A52B72524E9B4AC00286168 /* HomeViewController+SearchBar.swift */; };
		9A52B72824E9B89A00286168 /* AlbumDetailViewModel.swift in Sources */ = {isa = PBXBuildFile; fileRef = 9A52B72724E9B89A00286168 /* AlbumDetailViewModel.swift */; };
		9A52B72C24E9BD3700286168 /* Localizable.strings in Resources */ = {isa = PBXBuildFile; fileRef = 9A52B72B24E9BD3700286168 /* Localizable.strings */; };
		9A6B47D024E80F41008FF12A /* AppDelegate.swift in Sources */ = {isa = PBXBuildFile; fileRef = 9A6B47CF24E80F41008FF12A /* AppDelegate.swift */; };
		9A6B47D224E80F41008FF12A /* SceneDelegate.swift in Sources */ = {isa = PBXBuildFile; fileRef = 9A6B47D124E80F41008FF12A /* SceneDelegate.swift */; };
		9A6B47D424E80F41008FF12A /* HomeViewController.swift in Sources */ = {isa = PBXBuildFile; fileRef = 9A6B47D324E80F41008FF12A /* HomeViewController.swift */; };
		9A6B47D724E80F41008FF12A /* Main.storyboard in Resources */ = {isa = PBXBuildFile; fileRef = 9A6B47D524E80F41008FF12A /* Main.storyboard */; };
		9A6B47D924E80F4A008FF12A /* Assets.xcassets in Resources */ = {isa = PBXBuildFile; fileRef = 9A6B47D824E80F4A008FF12A /* Assets.xcassets */; };
		9A6B47DC24E80F4A008FF12A /* LaunchScreen.storyboard in Resources */ = {isa = PBXBuildFile; fileRef = 9A6B47DA24E80F4A008FF12A /* LaunchScreen.storyboard */; };
		9A6B47F224E80F4B008FF12A /* WiproTestUITests.swift in Sources */ = {isa = PBXBuildFile; fileRef = 9A6B47F124E80F4B008FF12A /* WiproTestUITests.swift */; };
		9A6B480324E80FDD008FF12A /* Alert.swift in Sources */ = {isa = PBXBuildFile; fileRef = 9A6B480024E80FDD008FF12A /* Alert.swift */; };
		9A6B480424E80FDD008FF12A /* Result.swift in Sources */ = {isa = PBXBuildFile; fileRef = 9A6B480124E80FDD008FF12A /* Result.swift */; };
		9A6B480524E80FDD008FF12A /* Bindable.swift in Sources */ = {isa = PBXBuildFile; fileRef = 9A6B480224E80FDD008FF12A /* Bindable.swift */; };
		9A6B480F24E814ED008FF12A /* MusicData.swift in Sources */ = {isa = PBXBuildFile; fileRef = 9A6B480E24E814ED008FF12A /* MusicData.swift */; };
		9A6B481124E82180008FF12A /* AppServerClient.swift in Sources */ = {isa = PBXBuildFile; fileRef = 9A6B481024E82180008FF12A /* AppServerClient.swift */; };
		9A6B481324E82228008FF12A /* HomeMusicViewModel.swift in Sources */ = {isa = PBXBuildFile; fileRef = 9A6B481224E82228008FF12A /* HomeMusicViewModel.swift */; };
		9A6B481524E85066008FF12A /* ImageCollectionViewCell.swift in Sources */ = {isa = PBXBuildFile; fileRef = 9A6B481424E85066008FF12A /* ImageCollectionViewCell.swift */; };
		9A6B481724E850CF008FF12A /* CacheMemoryImageView.swift in Sources */ = {isa = PBXBuildFile; fileRef = 9A6B481624E850CE008FF12A /* CacheMemoryImageView.swift */; };
		9A6B481924E85255008FF12A /* CustomFooterViewCell.swift in Sources */ = {isa = PBXBuildFile; fileRef = 9A6B481824E85255008FF12A /* CustomFooterViewCell.swift */; };
		9A6B481B24E854BA008FF12A /* CachedMemoryManager.swift in Sources */ = {isa = PBXBuildFile; fileRef = 9A6B481A24E854BA008FF12A /* CachedMemoryManager.swift */; };
		9A6B481D24E88B35008FF12A /* APIConstant.swift in Sources */ = {isa = PBXBuildFile; fileRef = 9A6B481C24E88B35008FF12A /* APIConstant.swift */; };
		9A991DB624F1DDB90026B083 /* SearchAlbumConstants.swift in Sources */ = {isa = PBXBuildFile; fileRef = 9A991DB524F1DDB90026B083 /* SearchAlbumConstants.swift */; };
		9A991DC324F2BCB30026B083 /* landscape_1.png in Resources */ = {isa = PBXBuildFile; fileRef = 9A991DBF24F2BCB20026B083 /* landscape_1.png */; };
		9A991DC424F2BCB30026B083 /* portrait_detail_4.png in Resources */ = {isa = PBXBuildFile; fileRef = 9A991DC024F2BCB20026B083 /* portrait_detail_4.png */; };
		9A991DC524F2BCB30026B083 /* landscape_2.png in Resources */ = {isa = PBXBuildFile; fileRef = 9A991DC124F2BCB30026B083 /* landscape_2.png */; };
		9A991DC624F2BCB30026B083 /* portrait_3.png in Resources */ = {isa = PBXBuildFile; fileRef = 9A991DC224F2BCB30026B083 /* portrait_3.png */; };
/* End PBXBuildFile section */

/* Begin PBXContainerItemProxy section */
		9A6B47E324E80F4B008FF12A /* PBXContainerItemProxy */ = {
			isa = PBXContainerItemProxy;
			containerPortal = 9A6B47C424E80F41008FF12A /* Project object */;
			proxyType = 1;
			remoteGlobalIDString = 9A6B47CB24E80F41008FF12A;
			remoteInfo = WiproTest;
		};
		9A6B47EE24E80F4B008FF12A /* PBXContainerItemProxy */ = {
			isa = PBXContainerItemProxy;
			containerPortal = 9A6B47C424E80F41008FF12A /* Project object */;
			proxyType = 1;
			remoteGlobalIDString = 9A6B47CB24E80F41008FF12A;
			remoteInfo = WiproTest;
		};
/* End PBXContainerItemProxy section */

/* Begin PBXFileReference section */
		9A52B71124E8D3D200286168 /* AlbumDetailViewController.swift */ = {isa = PBXFileReference; fileEncoding = 4; lastKnownFileType = sourcecode.swift; path = AlbumDetailViewController.swift; sourceTree = "<group>"; };
		9A52B71824E97EDA00286168 /* SearchAlbum.swift */ = {isa = PBXFileReference; lastKnownFileType = sourcecode.swift; path = SearchAlbum.swift; sourceTree = "<group>"; };
		9A52B71B24E9979E00286168 /* MockData.swift */ = {isa = PBXFileReference; lastKnownFileType = sourcecode.swift; path = MockData.swift; sourceTree = "<group>"; };
		9A52B71D24E99A0500286168 /* AlertTests.swift */ = {isa = PBXFileReference; fileEncoding = 4; lastKnownFileType = sourcecode.swift; path = AlertTests.swift; sourceTree = "<group>"; };
		9A52B71E24E99A0500286168 /* BindableTests.swift */ = {isa = PBXFileReference; fileEncoding = 4; lastKnownFileType = sourcecode.swift; path = BindableTests.swift; sourceTree = "<group>"; };
		9A52B72324E9B48400286168 /* HomeViewController+CollectionView.swift */ = {isa = PBXFileReference; lastKnownFileType = sourcecode.swift; path = "HomeViewController+CollectionView.swift"; sourceTree = "<group>"; };
		9A52B72524E9B4AC00286168 /* HomeViewController+SearchBar.swift */ = {isa = PBXFileReference; lastKnownFileType = sourcecode.swift; path = "HomeViewController+SearchBar.swift"; sourceTree = "<group>"; };
		9A52B72724E9B89A00286168 /* AlbumDetailViewModel.swift */ = {isa = PBXFileReference; lastKnownFileType = sourcecode.swift; path = AlbumDetailViewModel.swift; sourceTree = "<group>"; };
		9A52B72B24E9BD3700286168 /* Localizable.strings */ = {isa = PBXFileReference; fileEncoding = 4; lastKnownFileType = text.plist.strings; path = Localizable.strings; sourceTree = "<group>"; };
		9A6B47CC24E80F41008FF12A /* Album Search.app */ = {isa = PBXFileReference; explicitFileType = wrapper.application; includeInIndex = 0; path = "Album Search.app"; sourceTree = BUILT_PRODUCTS_DIR; };
		9A6B47CF24E80F41008FF12A /* AppDelegate.swift */ = {isa = PBXFileReference; lastKnownFileType = sourcecode.swift; path = AppDelegate.swift; sourceTree = "<group>"; };
		9A6B47D124E80F41008FF12A /* SceneDelegate.swift */ = {isa = PBXFileReference; lastKnownFileType = sourcecode.swift; path = SceneDelegate.swift; sourceTree = "<group>"; };
		9A6B47D324E80F41008FF12A /* HomeViewController.swift */ = {isa = PBXFileReference; lastKnownFileType = sourcecode.swift; path = HomeViewController.swift; sourceTree = "<group>"; };
		9A6B47D624E80F41008FF12A /* Base */ = {isa = PBXFileReference; lastKnownFileType = file.storyboard; name = Base; path = Base.lproj/Main.storyboard; sourceTree = "<group>"; };
		9A6B47D824E80F4A008FF12A /* Assets.xcassets */ = {isa = PBXFileReference; lastKnownFileType = folder.assetcatalog; path = Assets.xcassets; sourceTree = "<group>"; };
		9A6B47DB24E80F4A008FF12A /* Base */ = {isa = PBXFileReference; lastKnownFileType = file.storyboard; name = Base; path = Base.lproj/LaunchScreen.storyboard; sourceTree = "<group>"; };
		9A6B47DD24E80F4A008FF12A /* Info.plist */ = {isa = PBXFileReference; lastKnownFileType = text.plist.xml; path = Info.plist; sourceTree = "<group>"; };
		9A6B47E224E80F4B008FF12A /* WiproTestTests.xctest */ = {isa = PBXFileReference; explicitFileType = wrapper.cfbundle; includeInIndex = 0; path = WiproTestTests.xctest; sourceTree = BUILT_PRODUCTS_DIR; };
		9A6B47E824E80F4B008FF12A /* Info.plist */ = {isa = PBXFileReference; lastKnownFileType = text.plist.xml; path = Info.plist; sourceTree = "<group>"; };
		9A6B47ED24E80F4B008FF12A /* WiproTestUITests.xctest */ = {isa = PBXFileReference; explicitFileType = wrapper.cfbundle; includeInIndex = 0; path = WiproTestUITests.xctest; sourceTree = BUILT_PRODUCTS_DIR; };
		9A6B47F124E80F4B008FF12A /* WiproTestUITests.swift */ = {isa = PBXFileReference; lastKnownFileType = sourcecode.swift; path = WiproTestUITests.swift; sourceTree = "<group>"; };
		9A6B47F324E80F4B008FF12A /* Info.plist */ = {isa = PBXFileReference; lastKnownFileType = text.plist.xml; path = Info.plist; sourceTree = "<group>"; };
		9A6B480024E80FDD008FF12A /* Alert.swift */ = {isa = PBXFileReference; fileEncoding = 4; lastKnownFileType = sourcecode.swift; path = Alert.swift; sourceTree = "<group>"; };
		9A6B480124E80FDD008FF12A /* Result.swift */ = {isa = PBXFileReference; fileEncoding = 4; lastKnownFileType = sourcecode.swift; path = Result.swift; sourceTree = "<group>"; };
		9A6B480224E80FDD008FF12A /* Bindable.swift */ = {isa = PBXFileReference; fileEncoding = 4; lastKnownFileType = sourcecode.swift; path = Bindable.swift; sourceTree = "<group>"; };
		9A6B480E24E814ED008FF12A /* MusicData.swift */ = {isa = PBXFileReference; lastKnownFileType = sourcecode.swift; path = MusicData.swift; sourceTree = "<group>"; };
		9A6B481024E82180008FF12A /* AppServerClient.swift */ = {isa = PBXFileReference; lastKnownFileType = sourcecode.swift; path = AppServerClient.swift; sourceTree = "<group>"; };
		9A6B481224E82228008FF12A /* HomeMusicViewModel.swift */ = {isa = PBXFileReference; lastKnownFileType = sourcecode.swift; path = HomeMusicViewModel.swift; sourceTree = "<group>"; };
		9A6B481424E85066008FF12A /* ImageCollectionViewCell.swift */ = {isa = PBXFileReference; fileEncoding = 4; lastKnownFileType = sourcecode.swift; path = ImageCollectionViewCell.swift; sourceTree = "<group>"; };
		9A6B481624E850CE008FF12A /* CacheMemoryImageView.swift */ = {isa = PBXFileReference; fileEncoding = 4; lastKnownFileType = sourcecode.swift; path = CacheMemoryImageView.swift; sourceTree = "<group>"; };
		9A6B481824E85255008FF12A /* CustomFooterViewCell.swift */ = {isa = PBXFileReference; fileEncoding = 4; lastKnownFileType = sourcecode.swift; path = CustomFooterViewCell.swift; sourceTree = "<group>"; };
		9A6B481A24E854BA008FF12A /* CachedMemoryManager.swift */ = {isa = PBXFileReference; fileEncoding = 4; lastKnownFileType = sourcecode.swift; path = CachedMemoryManager.swift; sourceTree = "<group>"; };
		9A6B481C24E88B35008FF12A /* APIConstant.swift */ = {isa = PBXFileReference; lastKnownFileType = sourcecode.swift; path = APIConstant.swift; sourceTree = "<group>"; };
		9A991DB524F1DDB90026B083 /* SearchAlbumConstants.swift */ = {isa = PBXFileReference; lastKnownFileType = sourcecode.swift; path = SearchAlbumConstants.swift; sourceTree = "<group>"; };
		9A991DBF24F2BCB20026B083 /* landscape_1.png */ = {isa = PBXFileReference; lastKnownFileType = image.png; path = landscape_1.png; sourceTree = "<group>"; };
		9A991DC024F2BCB20026B083 /* portrait_detail_4.png */ = {isa = PBXFileReference; lastKnownFileType = image.png; path = portrait_detail_4.png; sourceTree = "<group>"; };
		9A991DC124F2BCB30026B083 /* landscape_2.png */ = {isa = PBXFileReference; lastKnownFileType = image.png; path = landscape_2.png; sourceTree = "<group>"; };
		9A991DC224F2BCB30026B083 /* portrait_3.png */ = {isa = PBXFileReference; lastKnownFileType = image.png; path = portrait_3.png; sourceTree = "<group>"; };
/* End PBXFileReference section */

/* Begin PBXFrameworksBuildPhase section */
		9A6B47C924E80F41008FF12A /* Frameworks */ = {
			isa = PBXFrameworksBuildPhase;
			buildActionMask = 2147483647;
			files = (
			);
			runOnlyForDeploymentPostprocessing = 0;
		};
		9A6B47DF24E80F4B008FF12A /* Frameworks */ = {
			isa = PBXFrameworksBuildPhase;
			buildActionMask = 2147483647;
			files = (
			);
			runOnlyForDeploymentPostprocessing = 0;
		};
		9A6B47EA24E80F4B008FF12A /* Frameworks */ = {
			isa = PBXFrameworksBuildPhase;
			buildActionMask = 2147483647;
			files = (
			);
			runOnlyForDeploymentPostprocessing = 0;
		};
/* End PBXFrameworksBuildPhase section */

/* Begin PBXGroup section */
		9A52B71324E8D3E100286168 /* Album Detail */ = {
			isa = PBXGroup;
			children = (
				9A52B72924E9B8A500286168 /* View */,
				9A52B72A24E9B8AE00286168 /* ViewModel */,
			);
			path = "Album Detail";
			sourceTree = "<group>";
		};
		9A52B71A24E97EE800286168 /* Search Album */ = {
			isa = PBXGroup;
			children = (
				9A52B71824E97EDA00286168 /* SearchAlbum.swift */,
			);
			path = "Search Album";
			sourceTree = "<group>";
		};
		9A52B72124E99A8E00286168 /* Helper */ = {
			isa = PBXGroup;
			children = (
				9A52B71D24E99A0500286168 /* AlertTests.swift */,
				9A52B71E24E99A0500286168 /* BindableTests.swift */,
			);
			path = Helper;
			sourceTree = "<group>";
		};
		9A52B72224E99AA500286168 /* Mock Data */ = {
			isa = PBXGroup;
			children = (
				9A52B71B24E9979E00286168 /* MockData.swift */,
			);
			path = "Mock Data";
			sourceTree = "<group>";
		};
		9A52B72924E9B8A500286168 /* View */ = {
			isa = PBXGroup;
			children = (
				9A52B71124E8D3D200286168 /* AlbumDetailViewController.swift */,
			);
			path = View;
			sourceTree = "<group>";
		};
		9A52B72A24E9B8AE00286168 /* ViewModel */ = {
			isa = PBXGroup;
			children = (
				9A52B72724E9B89A00286168 /* AlbumDetailViewModel.swift */,
			);
			path = ViewModel;
			sourceTree = "<group>";
		};
		9A6B47C324E80F41008FF12A = {
			isa = PBXGroup;
			children = (
				9A6B47CE24E80F41008FF12A /* WiproTest */,
				9A6B47E524E80F4B008FF12A /* WiproTestTests */,
				9A6B47F024E80F4B008FF12A /* WiproTestUITests */,
				9A6B47CD24E80F41008FF12A /* Products */,
			);
			sourceTree = "<group>";
		};
		9A6B47CD24E80F41008FF12A /* Products */ = {
			isa = PBXGroup;
			children = (
				9A6B47CC24E80F41008FF12A /* Album Search.app */,
				9A6B47E224E80F4B008FF12A /* WiproTestTests.xctest */,
				9A6B47ED24E80F4B008FF12A /* WiproTestUITests.xctest */,
			);
			name = Products;
			sourceTree = "<group>";
		};
		9A6B47CE24E80F41008FF12A /* WiproTest */ = {
			isa = PBXGroup;
			children = (
				9A6B480624E80FE4008FF12A /* App Delegate */,
				9A6B480D24E814CD008FF12A /* API */,
				9A6B481E24E89FC3008FF12A /* Utils */,
				9A6B47FF24E80FDD008FF12A /* Helper */,
				9A6B480724E81021008FF12A /* Search Album */,
				9A52B71324E8D3E100286168 /* Album Detail */,
				9A6B480824E81047008FF12A /* Storyborad */,
				9A6B47D824E80F4A008FF12A /* Assets.xcassets */,
				9A991DBE24F2BC950026B083 /* ScreenShot */,
				9A6B47DD24E80F4A008FF12A /* Info.plist */,
				9A52B72B24E9BD3700286168 /* Localizable.strings */,
			);
			path = WiproTest;
			sourceTree = "<group>";
		};
		9A6B47E524E80F4B008FF12A /* WiproTestTests */ = {
			isa = PBXGroup;
			children = (
				9A52B72224E99AA500286168 /* Mock Data */,
				9A52B72124E99A8E00286168 /* Helper */,
				9A52B71A24E97EE800286168 /* Search Album */,
				9A6B47E824E80F4B008FF12A /* Info.plist */,
			);
			path = WiproTestTests;
			sourceTree = "<group>";
		};
		9A6B47F024E80F4B008FF12A /* WiproTestUITests */ = {
			isa = PBXGroup;
			children = (
				9A6B47F124E80F4B008FF12A /* WiproTestUITests.swift */,
				9A6B47F324E80F4B008FF12A /* Info.plist */,
			);
			path = WiproTestUITests;
			sourceTree = "<group>";
		};
		9A6B47FF24E80FDD008FF12A /* Helper */ = {
			isa = PBXGroup;
			children = (
				9A6B480024E80FDD008FF12A /* Alert.swift */,
				9A6B480124E80FDD008FF12A /* Result.swift */,
				9A6B480224E80FDD008FF12A /* Bindable.swift */,
			);
			path = Helper;
			sourceTree = "<group>";
		};
		9A6B480624E80FE4008FF12A /* App Delegate */ = {
			isa = PBXGroup;
			children = (
				9A6B47CF24E80F41008FF12A /* AppDelegate.swift */,
				9A6B47D124E80F41008FF12A /* SceneDelegate.swift */,
			);
			path = "App Delegate";
			sourceTree = "<group>";
		};
		9A6B480724E81021008FF12A /* Search Album */ = {
			isa = PBXGroup;
			children = (
				9A991DB424F1DD800026B083 /* Constant */,
				9A6B481F24E8A0D6008FF12A /* Cell */,
				9A6B482224E8A12B008FF12A /* Model */,
				9A6B482024E8A0F9008FF12A /* View */,
				9A6B482124E8A10C008FF12A /* VIewModel */,
			);
			path = "Search Album";
			sourceTree = "<group>";
		};
		9A6B480824E81047008FF12A /* Storyborad */ = {
			isa = PBXGroup;
			children = (
				9A6B47D524E80F41008FF12A /* Main.storyboard */,
				9A6B47DA24E80F4A008FF12A /* LaunchScreen.storyboard */,
			);
			path = Storyborad;
			sourceTree = "<group>";
		};
		9A6B480D24E814CD008FF12A /* API */ = {
			isa = PBXGroup;
			children = (
				9A6B481024E82180008FF12A /* AppServerClient.swift */,
				9A6B481C24E88B35008FF12A /* APIConstant.swift */,
			);
			path = API;
			sourceTree = "<group>";
		};
		9A6B481E24E89FC3008FF12A /* Utils */ = {
			isa = PBXGroup;
			children = (
				9A6B481624E850CE008FF12A /* CacheMemoryImageView.swift */,
				9A6B481A24E854BA008FF12A /* CachedMemoryManager.swift */,
			);
			path = Utils;
			sourceTree = "<group>";
		};
		9A6B481F24E8A0D6008FF12A /* Cell */ = {
			isa = PBXGroup;
			children = (
				9A6B481424E85066008FF12A /* ImageCollectionViewCell.swift */,
				9A6B481824E85255008FF12A /* CustomFooterViewCell.swift */,
			);
			path = Cell;
			sourceTree = "<group>";
		};
		9A6B482024E8A0F9008FF12A /* View */ = {
			isa = PBXGroup;
			children = (
				9A6B47D324E80F41008FF12A /* HomeViewController.swift */,
				9A52B72324E9B48400286168 /* HomeViewController+CollectionView.swift */,
				9A52B72524E9B4AC00286168 /* HomeViewController+SearchBar.swift */,
			);
			path = View;
			sourceTree = "<group>";
		};
		9A6B482124E8A10C008FF12A /* VIewModel */ = {
			isa = PBXGroup;
			children = (
				9A6B481224E82228008FF12A /* HomeMusicViewModel.swift */,
			);
			path = VIewModel;
			sourceTree = "<group>";
		};
		9A6B482224E8A12B008FF12A /* Model */ = {
			isa = PBXGroup;
			children = (
				9A6B480E24E814ED008FF12A /* MusicData.swift */,
			);
			path = Model;
			sourceTree = "<group>";
		};
		9A991DB424F1DD800026B083 /* Constant */ = {
			isa = PBXGroup;
			children = (
				9A991DB524F1DDB90026B083 /* SearchAlbumConstants.swift */,
			);
			path = Constant;
			sourceTree = "<group>";
		};
		9A991DBE24F2BC950026B083 /* ScreenShot */ = {
			isa = PBXGroup;
			children = (
				9A991DBF24F2BCB20026B083 /* landscape_1.png */,
				9A991DC124F2BCB30026B083 /* landscape_2.png */,
				9A991DC224F2BCB30026B083 /* portrait_3.png */,
				9A991DC024F2BCB20026B083 /* portrait_detail_4.png */,
			);
			path = ScreenShot;
			sourceTree = "<group>";
		};
/* End PBXGroup section */

/* Begin PBXNativeTarget section */
		9A6B47CB24E80F41008FF12A /* WiproTest */ = {
			isa = PBXNativeTarget;
			buildConfigurationList = 9A6B47F624E80F4B008FF12A /* Build configuration list for PBXNativeTarget "WiproTest" */;
			buildPhases = (
				9A6B47C824E80F41008FF12A /* Sources */,
				9A6B47C924E80F41008FF12A /* Frameworks */,
				9A6B47CA24E80F41008FF12A /* Resources */,
				9A991DB124F088D50026B083 /* SwiftLint */,
			);
			buildRules = (
			);
			dependencies = (
			);
			name = WiproTest;
			productName = WiproTest;
			productReference = 9A6B47CC24E80F41008FF12A /* Album Search.app */;
			productType = "com.apple.product-type.application";
		};
		9A6B47E124E80F4B008FF12A /* WiproTestTests */ = {
			isa = PBXNativeTarget;
			buildConfigurationList = 9A6B47F924E80F4B008FF12A /* Build configuration list for PBXNativeTarget "WiproTestTests" */;
			buildPhases = (
				9A6B47DE24E80F4B008FF12A /* Sources */,
				9A6B47DF24E80F4B008FF12A /* Frameworks */,
				9A6B47E024E80F4B008FF12A /* Resources */,
			);
			buildRules = (
			);
			dependencies = (
				9A6B47E424E80F4B008FF12A /* PBXTargetDependency */,
			);
			name = WiproTestTests;
			productName = WiproTestTests;
			productReference = 9A6B47E224E80F4B008FF12A /* WiproTestTests.xctest */;
			productType = "com.apple.product-type.bundle.unit-test";
		};
		9A6B47EC24E80F4B008FF12A /* WiproTestUITests */ = {
			isa = PBXNativeTarget;
			buildConfigurationList = 9A6B47FC24E80F4B008FF12A /* Build configuration list for PBXNativeTarget "WiproTestUITests" */;
			buildPhases = (
				9A6B47E924E80F4B008FF12A /* Sources */,
				9A6B47EA24E80F4B008FF12A /* Frameworks */,
				9A6B47EB24E80F4B008FF12A /* Resources */,
			);
			buildRules = (
			);
			dependencies = (
				9A6B47EF24E80F4B008FF12A /* PBXTargetDependency */,
			);
			name = WiproTestUITests;
			productName = WiproTestUITests;
			productReference = 9A6B47ED24E80F4B008FF12A /* WiproTestUITests.xctest */;
			productType = "com.apple.product-type.bundle.ui-testing";
		};
/* End PBXNativeTarget section */

/* Begin PBXProject section */
		9A6B47C424E80F41008FF12A /* Project object */ = {
			isa = PBXProject;
			attributes = {
				LastSwiftUpdateCheck = 1160;
				LastUpgradeCheck = 1160;
				ORGANIZATIONNAME = "Ajay Odedra";
				TargetAttributes = {
					9A6B47CB24E80F41008FF12A = {
						CreatedOnToolsVersion = 11.6;
					};
					9A6B47E124E80F4B008FF12A = {
						CreatedOnToolsVersion = 11.6;
						TestTargetID = 9A6B47CB24E80F41008FF12A;
					};
					9A6B47EC24E80F4B008FF12A = {
						CreatedOnToolsVersion = 11.6;
						TestTargetID = 9A6B47CB24E80F41008FF12A;
					};
				};
			};
			buildConfigurationList = 9A6B47C724E80F41008FF12A /* Build configuration list for PBXProject "WiproTest" */;
			compatibilityVersion = "Xcode 9.3";
			developmentRegion = en;
			hasScannedForEncodings = 0;
			knownRegions = (
				en,
				Base,
			);
			mainGroup = 9A6B47C324E80F41008FF12A;
			productRefGroup = 9A6B47CD24E80F41008FF12A /* Products */;
			projectDirPath = "";
			projectRoot = "";
			targets = (
				9A6B47CB24E80F41008FF12A /* WiproTest */,
				9A6B47E124E80F4B008FF12A /* WiproTestTests */,
				9A6B47EC24E80F4B008FF12A /* WiproTestUITests */,
			);
		};
/* End PBXProject section */

/* Begin PBXResourcesBuildPhase section */
		9A6B47CA24E80F41008FF12A /* Resources */ = {
			isa = PBXResourcesBuildPhase;
			buildActionMask = 2147483647;
			files = (
				9A991DC624F2BCB30026B083 /* portrait_3.png in Resources */,
				9A991DC424F2BCB30026B083 /* portrait_detail_4.png in Resources */,
				9A6B47DC24E80F4A008FF12A /* LaunchScreen.storyboard in Resources */,
				9A52B72C24E9BD3700286168 /* Localizable.strings in Resources */,
				9A6B47D924E80F4A008FF12A /* Assets.xcassets in Resources */,
				9A6B47D724E80F41008FF12A /* Main.storyboard in Resources */,
				9A991DC524F2BCB30026B083 /* landscape_2.png in Resources */,
				9A991DC324F2BCB30026B083 /* landscape_1.png in Resources */,
			);
			runOnlyForDeploymentPostprocessing = 0;
		};
		9A6B47E024E80F4B008FF12A /* Resources */ = {
			isa = PBXResourcesBuildPhase;
			buildActionMask = 2147483647;
			files = (
			);
			runOnlyForDeploymentPostprocessing = 0;
		};
		9A6B47EB24E80F4B008FF12A /* Resources */ = {
			isa = PBXResourcesBuildPhase;
			buildActionMask = 2147483647;
			files = (
			);
			runOnlyForDeploymentPostprocessing = 0;
		};
/* End PBXResourcesBuildPhase section */

/* Begin PBXShellScriptBuildPhase section */
		9A991DB124F088D50026B083 /* SwiftLint */ = {
			isa = PBXShellScriptBuildPhase;
			buildActionMask = 2147483647;
			files = (
			);
			inputFileListPaths = (
			);
			inputPaths = (
			);
			name = SwiftLint;
			outputFileListPaths = (
			);
			outputPaths = (
			);
			runOnlyForDeploymentPostprocessing = 0;
			shellPath = /bin/sh;
			shellScript = "if which swiftlint >/dev/null; then\n    swiftlint\nelse\n    echo \"warning: SwiftLint not installed, download from https://github.com/realm/SwiftLint\"\nfi\n\n";
		};
/* End PBXShellScriptBuildPhase section */

/* Begin PBXSourcesBuildPhase section */
		9A6B47C824E80F41008FF12A /* Sources */ = {
			isa = PBXSourcesBuildPhase;
			buildActionMask = 2147483647;
			files = (
				9A6B47D424E80F41008FF12A /* HomeViewController.swift in Sources */,
				9A6B481524E85066008FF12A /* ImageCollectionViewCell.swift in Sources */,
				9A6B481924E85255008FF12A /* CustomFooterViewCell.swift in Sources */,
				9A52B71224E8D3D200286168 /* AlbumDetailViewController.swift in Sources */,
				9A6B480424E80FDD008FF12A /* Result.swift in Sources */,
				9A6B481324E82228008FF12A /* HomeMusicViewModel.swift in Sources */,
				9A52B72624E9B4AC00286168 /* HomeViewController+SearchBar.swift in Sources */,
				9A6B481B24E854BA008FF12A /* CachedMemoryManager.swift in Sources */,
				9A6B480524E80FDD008FF12A /* Bindable.swift in Sources */,
				9A6B481D24E88B35008FF12A /* APIConstant.swift in Sources */,
				9A6B47D024E80F41008FF12A /* AppDelegate.swift in Sources */,
				9A52B72824E9B89A00286168 /* AlbumDetailViewModel.swift in Sources */,
				9A6B480F24E814ED008FF12A /* MusicData.swift in Sources */,
				9A6B481724E850CF008FF12A /* CacheMemoryImageView.swift in Sources */,
				9A52B72424E9B48400286168 /* HomeViewController+CollectionView.swift in Sources */,
				9A6B480324E80FDD008FF12A /* Alert.swift in Sources */,
				9A991DB624F1DDB90026B083 /* SearchAlbumConstants.swift in Sources */,
				9A6B47D224E80F41008FF12A /* SceneDelegate.swift in Sources */,
				9A6B481124E82180008FF12A /* AppServerClient.swift in Sources */,
			);
			runOnlyForDeploymentPostprocessing = 0;
		};
		9A6B47DE24E80F4B008FF12A /* Sources */ = {
			isa = PBXSourcesBuildPhase;
			buildActionMask = 2147483647;
			files = (
				9A52B71924E97EDB00286168 /* SearchAlbum.swift in Sources */,
				9A52B71C24E9979E00286168 /* MockData.swift in Sources */,
				9A52B72024E99A0600286168 /* BindableTests.swift in Sources */,
				9A52B71F24E99A0600286168 /* AlertTests.swift in Sources */,
			);
			runOnlyForDeploymentPostprocessing = 0;
		};
		9A6B47E924E80F4B008FF12A /* Sources */ = {
			isa = PBXSourcesBuildPhase;
			buildActionMask = 2147483647;
			files = (
				9A6B47F224E80F4B008FF12A /* WiproTestUITests.swift in Sources */,
			);
			runOnlyForDeploymentPostprocessing = 0;
		};
/* End PBXSourcesBuildPhase section */

/* Begin PBXTargetDependency section */
		9A6B47E424E80F4B008FF12A /* PBXTargetDependency */ = {
			isa = PBXTargetDependency;
			target = 9A6B47CB24E80F41008FF12A /* WiproTest */;
			targetProxy = 9A6B47E324E80F4B008FF12A /* PBXContainerItemProxy */;
		};
		9A6B47EF24E80F4B008FF12A /* PBXTargetDependency */ = {
			isa = PBXTargetDependency;
			target = 9A6B47CB24E80F41008FF12A /* WiproTest */;
			targetProxy = 9A6B47EE24E80F4B008FF12A /* PBXContainerItemProxy */;
		};
/* End PBXTargetDependency section */

/* Begin PBXVariantGroup section */
		9A6B47D524E80F41008FF12A /* Main.storyboard */ = {
			isa = PBXVariantGroup;
			children = (
				9A6B47D624E80F41008FF12A /* Base */,
			);
			name = Main.storyboard;
			sourceTree = "<group>";
		};
		9A6B47DA24E80F4A008FF12A /* LaunchScreen.storyboard */ = {
			isa = PBXVariantGroup;
			children = (
				9A6B47DB24E80F4A008FF12A /* Base */,
			);
			name = LaunchScreen.storyboard;
			sourceTree = "<group>";
		};
/* End PBXVariantGroup section */

/* Begin XCBuildConfiguration section */
		9A6B47F424E80F4B008FF12A /* Debug */ = {
			isa = XCBuildConfiguration;
			buildSettings = {
				ALWAYS_SEARCH_USER_PATHS = NO;
				CLANG_ANALYZER_NONNULL = YES;
				CLANG_ANALYZER_NUMBER_OBJECT_CONVERSION = YES_AGGRESSIVE;
				CLANG_CXX_LANGUAGE_STANDARD = "gnu++14";
				CLANG_CXX_LIBRARY = "libc++";
				CLANG_ENABLE_MODULES = YES;
				CLANG_ENABLE_OBJC_ARC = YES;
				CLANG_ENABLE_OBJC_WEAK = YES;
				CLANG_WARN_BLOCK_CAPTURE_AUTORELEASING = YES;
				CLANG_WARN_BOOL_CONVERSION = YES;
				CLANG_WARN_COMMA = YES;
				CLANG_WARN_CONSTANT_CONVERSION = YES;
				CLANG_WARN_DEPRECATED_OBJC_IMPLEMENTATIONS = YES;
				CLANG_WARN_DIRECT_OBJC_ISA_USAGE = YES_ERROR;
				CLANG_WARN_DOCUMENTATION_COMMENTS = YES;
				CLANG_WARN_EMPTY_BODY = YES;
				CLANG_WARN_ENUM_CONVERSION = YES;
				CLANG_WARN_INFINITE_RECURSION = YES;
				CLANG_WARN_INT_CONVERSION = YES;
				CLANG_WARN_NON_LITERAL_NULL_CONVERSION = YES;
				CLANG_WARN_OBJC_IMPLICIT_RETAIN_SELF = YES;
				CLANG_WARN_OBJC_LITERAL_CONVERSION = YES;
				CLANG_WARN_OBJC_ROOT_CLASS = YES_ERROR;
				CLANG_WARN_RANGE_LOOP_ANALYSIS = YES;
				CLANG_WARN_STRICT_PROTOTYPES = YES;
				CLANG_WARN_SUSPICIOUS_MOVE = YES;
				CLANG_WARN_UNGUARDED_AVAILABILITY = YES_AGGRESSIVE;
				CLANG_WARN_UNREACHABLE_CODE = YES;
				CLANG_WARN__DUPLICATE_METHOD_MATCH = YES;
				COPY_PHASE_STRIP = NO;
				DEBUG_INFORMATION_FORMAT = dwarf;
				ENABLE_STRICT_OBJC_MSGSEND = YES;
				ENABLE_TESTABILITY = YES;
				GCC_C_LANGUAGE_STANDARD = gnu11;
				GCC_DYNAMIC_NO_PIC = NO;
				GCC_NO_COMMON_BLOCKS = YES;
				GCC_OPTIMIZATION_LEVEL = 0;
				GCC_PREPROCESSOR_DEFINITIONS = (
					"DEBUG=1",
					"$(inherited)",
				);
				GCC_WARN_64_TO_32_BIT_CONVERSION = YES;
				GCC_WARN_ABOUT_RETURN_TYPE = YES_ERROR;
				GCC_WARN_UNDECLARED_SELECTOR = YES;
				GCC_WARN_UNINITIALIZED_AUTOS = YES_AGGRESSIVE;
				GCC_WARN_UNUSED_FUNCTION = YES;
				GCC_WARN_UNUSED_VARIABLE = YES;
				IPHONEOS_DEPLOYMENT_TARGET = 13.6;
				MTL_ENABLE_DEBUG_INFO = INCLUDE_SOURCE;
				MTL_FAST_MATH = YES;
				ONLY_ACTIVE_ARCH = YES;
				SDKROOT = iphoneos;
				SWIFT_ACTIVE_COMPILATION_CONDITIONS = DEBUG;
				SWIFT_OPTIMIZATION_LEVEL = "-Onone";
			};
			name = Debug;
		};
		9A6B47F524E80F4B008FF12A /* Release */ = {
			isa = XCBuildConfiguration;
			buildSettings = {
				ALWAYS_SEARCH_USER_PATHS = NO;
				CLANG_ANALYZER_NONNULL = YES;
				CLANG_ANALYZER_NUMBER_OBJECT_CONVERSION = YES_AGGRESSIVE;
				CLANG_CXX_LANGUAGE_STANDARD = "gnu++14";
				CLANG_CXX_LIBRARY = "libc++";
				CLANG_ENABLE_MODULES = YES;
				CLANG_ENABLE_OBJC_ARC = YES;
				CLANG_ENABLE_OBJC_WEAK = YES;
				CLANG_WARN_BLOCK_CAPTURE_AUTORELEASING = YES;
				CLANG_WARN_BOOL_CONVERSION = YES;
				CLANG_WARN_COMMA = YES;
				CLANG_WARN_CONSTANT_CONVERSION = YES;
				CLANG_WARN_DEPRECATED_OBJC_IMPLEMENTATIONS = YES;
				CLANG_WARN_DIRECT_OBJC_ISA_USAGE = YES_ERROR;
				CLANG_WARN_DOCUMENTATION_COMMENTS = YES;
				CLANG_WARN_EMPTY_BODY = YES;
				CLANG_WARN_ENUM_CONVERSION = YES;
				CLANG_WARN_INFINITE_RECURSION = YES;
				CLANG_WARN_INT_CONVERSION = YES;
				CLANG_WARN_NON_LITERAL_NULL_CONVERSION = YES;
				CLANG_WARN_OBJC_IMPLICIT_RETAIN_SELF = YES;
				CLANG_WARN_OBJC_LITERAL_CONVERSION = YES;
				CLANG_WARN_OBJC_ROOT_CLASS = YES_ERROR;
				CLANG_WARN_RANGE_LOOP_ANALYSIS = YES;
				CLANG_WARN_STRICT_PROTOTYPES = YES;
				CLANG_WARN_SUSPICIOUS_MOVE = YES;
				CLANG_WARN_UNGUARDED_AVAILABILITY = YES_AGGRESSIVE;
				CLANG_WARN_UNREACHABLE_CODE = YES;
				CLANG_WARN__DUPLICATE_METHOD_MATCH = YES;
				COPY_PHASE_STRIP = NO;
				DEBUG_INFORMATION_FORMAT = "dwarf-with-dsym";
				ENABLE_NS_ASSERTIONS = NO;
				ENABLE_STRICT_OBJC_MSGSEND = YES;
				GCC_C_LANGUAGE_STANDARD = gnu11;
				GCC_NO_COMMON_BLOCKS = YES;
				GCC_WARN_64_TO_32_BIT_CONVERSION = YES;
				GCC_WARN_ABOUT_RETURN_TYPE = YES_ERROR;
				GCC_WARN_UNDECLARED_SELECTOR = YES;
				GCC_WARN_UNINITIALIZED_AUTOS = YES_AGGRESSIVE;
				GCC_WARN_UNUSED_FUNCTION = YES;
				GCC_WARN_UNUSED_VARIABLE = YES;
				IPHONEOS_DEPLOYMENT_TARGET = 13.6;
				MTL_ENABLE_DEBUG_INFO = NO;
				MTL_FAST_MATH = YES;
				SDKROOT = iphoneos;
				SWIFT_COMPILATION_MODE = wholemodule;
				SWIFT_OPTIMIZATION_LEVEL = "-O";
				VALIDATE_PRODUCT = YES;
			};
			name = Release;
		};
		9A6B47F724E80F4B008FF12A /* Debug */ = {
			isa = XCBuildConfiguration;
			buildSettings = {
				ASSETCATALOG_COMPILER_APPICON_NAME = AppIcon;
				CODE_SIGN_STYLE = Automatic;
				DEVELOPMENT_TEAM = KK654UCVNQ;
				INFOPLIST_FILE = WiproTest/Info.plist;
				IPHONEOS_DEPLOYMENT_TARGET = 13.0;
				LD_RUNPATH_SEARCH_PATHS = (
					"$(inherited)",
					"@executable_path/Frameworks",
				);
				PRODUCT_BUNDLE_IDENTIFIER = com.softwarechefs.WiproTest;
				PRODUCT_NAME = "Album Search";
				SWIFT_VERSION = 5.0;
				TARGETED_DEVICE_FAMILY = "1,2";
			};
			name = Debug;
		};
		9A6B47F824E80F4B008FF12A /* Release */ = {
			isa = XCBuildConfiguration;
			buildSettings = {
				ASSETCATALOG_COMPILER_APPICON_NAME = AppIcon;
				CODE_SIGN_STYLE = Automatic;
				DEVELOPMENT_TEAM = KK654UCVNQ;
				INFOPLIST_FILE = WiproTest/Info.plist;
				IPHONEOS_DEPLOYMENT_TARGET = 13.0;
				LD_RUNPATH_SEARCH_PATHS = (
					"$(inherited)",
					"@executable_path/Frameworks",
				);
				PRODUCT_BUNDLE_IDENTIFIER = com.softwarechefs.WiproTest;
				PRODUCT_NAME = "Album Search";
				SWIFT_VERSION = 5.0;
				TARGETED_DEVICE_FAMILY = "1,2";
			};
			name = Release;
		};
		9A6B47FA24E80F4B008FF12A /* Debug */ = {
			isa = XCBuildConfiguration;
			buildSettings = {
				ALWAYS_EMBED_SWIFT_STANDARD_LIBRARIES = YES;
				BUNDLE_LOADER = "$(TEST_HOST)";
				CODE_SIGN_STYLE = Automatic;
				DEVELOPMENT_TEAM = KK654UCVNQ;
				INFOPLIST_FILE = WiproTestTests/Info.plist;
				IPHONEOS_DEPLOYMENT_TARGET = 13.6;
				LD_RUNPATH_SEARCH_PATHS = (
					"$(inherited)",
					"@executable_path/Frameworks",
					"@loader_path/Frameworks",
				);
				PRODUCT_BUNDLE_IDENTIFIER = com.softwarechefs.WiproTestTests;
				PRODUCT_NAME = "$(TARGET_NAME)";
				SWIFT_VERSION = 5.0;
				TARGETED_DEVICE_FAMILY = "1,2";
				TEST_HOST = "$(BUILT_PRODUCTS_DIR)/WiproTest.app/WiproTest";
			};
			name = Debug;
		};
		9A6B47FB24E80F4B008FF12A /* Release */ = {
			isa = XCBuildConfiguration;
			buildSettings = {
				ALWAYS_EMBED_SWIFT_STANDARD_LIBRARIES = YES;
				BUNDLE_LOADER = "$(TEST_HOST)";
				CODE_SIGN_STYLE = Automatic;
				DEVELOPMENT_TEAM = KK654UCVNQ;
				INFOPLIST_FILE = WiproTestTests/Info.plist;
				IPHONEOS_DEPLOYMENT_TARGET = 13.6;
				LD_RUNPATH_SEARCH_PATHS = (
					"$(inherited)",
					"@executable_path/Frameworks",
					"@loader_path/Frameworks",
				);
				PRODUCT_BUNDLE_IDENTIFIER = com.softwarechefs.WiproTestTests;
				PRODUCT_NAME = "$(TARGET_NAME)";
				SWIFT_VERSION = 5.0;
				TARGETED_DEVICE_FAMILY = "1,2";
				TEST_HOST = "$(BUILT_PRODUCTS_DIR)/WiproTest.app/WiproTest";
			};
			name = Release;
		};
		9A6B47FD24E80F4B008FF12A /* Debug */ = {
			isa = XCBuildConfiguration;
			buildSettings = {
				ALWAYS_EMBED_SWIFT_STANDARD_LIBRARIES = YES;
				CODE_SIGN_STYLE = Automatic;
				DEVELOPMENT_TEAM = KK654UCVNQ;
				INFOPLIST_FILE = WiproTestUITests/Info.plist;
				LD_RUNPATH_SEARCH_PATHS = (
					"$(inherited)",
					"@executable_path/Frameworks",
					"@loader_path/Frameworks",
				);
				PRODUCT_BUNDLE_IDENTIFIER = com.softwarechefs.WiproTestUITests;
				PRODUCT_NAME = "$(TARGET_NAME)";
				SWIFT_VERSION = 5.0;
				TARGETED_DEVICE_FAMILY = "1,2";
				TEST_TARGET_NAME = WiproTest;
			};
			name = Debug;
		};
		9A6B47FE24E80F4B008FF12A /* Release */ = {
			isa = XCBuildConfiguration;
			buildSettings = {
				ALWAYS_EMBED_SWIFT_STANDARD_LIBRARIES = YES;
				CODE_SIGN_STYLE = Automatic;
				DEVELOPMENT_TEAM = KK654UCVNQ;
				INFOPLIST_FILE = WiproTestUITests/Info.plist;
				LD_RUNPATH_SEARCH_PATHS = (
					"$(inherited)",
					"@executable_path/Frameworks",
					"@loader_path/Frameworks",
				);
				PRODUCT_BUNDLE_IDENTIFIER = com.softwarechefs.WiproTestUITests;
				PRODUCT_NAME = "$(TARGET_NAME)";
				SWIFT_VERSION = 5.0;
				TARGETED_DEVICE_FAMILY = "1,2";
				TEST_TARGET_NAME = WiproTest;
			};
			name = Release;
		};
/* End XCBuildConfiguration section */

/* Begin XCConfigurationList section */
		9A6B47C724E80F41008FF12A /* Build configuration list for PBXProject "WiproTest" */ = {
			isa = XCConfigurationList;
			buildConfigurations = (
				9A6B47F424E80F4B008FF12A /* Debug */,
				9A6B47F524E80F4B008FF12A /* Release */,
			);
			defaultConfigurationIsVisible = 0;
			defaultConfigurationName = Release;
		};
		9A6B47F624E80F4B008FF12A /* Build configuration list for PBXNativeTarget "WiproTest" */ = {
			isa = XCConfigurationList;
			buildConfigurations = (
				9A6B47F724E80F4B008FF12A /* Debug */,
				9A6B47F824E80F4B008FF12A /* Release */,
			);
			defaultConfigurationIsVisible = 0;
			defaultConfigurationName = Release;
		};
		9A6B47F924E80F4B008FF12A /* Build configuration list for PBXNativeTarget "WiproTestTests" */ = {
			isa = XCConfigurationList;
			buildConfigurations = (
				9A6B47FA24E80F4B008FF12A /* Debug */,
				9A6B47FB24E80F4B008FF12A /* Release */,
			);
			defaultConfigurationIsVisible = 0;
			defaultConfigurationName = Release;
		};
		9A6B47FC24E80F4B008FF12A /* Build configuration list for PBXNativeTarget "WiproTestUITests" */ = {
			isa = XCConfigurationList;
			buildConfigurations = (
				9A6B47FD24E80F4B008FF12A /* Debug */,
				9A6B47FE24E80F4B008FF12A /* Release */,
			);
			defaultConfigurationIsVisible = 0;
			defaultConfigurationName = Release;
		};
/* End XCConfigurationList section */
	};
	rootObject = 9A6B47C424E80F41008FF12A /* Project object */;
}
