// !$*UTF8*$!
{
	archiveVersion = 1;
	classes = {
	};
	objectVersion = 50;
	objects = {

/* Begin PBXBuildFile section */
		9A6B47D024E80F41008FF12A /* AppDelegate.swift in Sources */ = {isa = PBXBuildFile; fileRef = 9A6B47CF24E80F41008FF12A /* AppDelegate.swift */; };
		9A6B47D224E80F41008FF12A /* SceneDelegate.swift in Sources */ = {isa = PBXBuildFile; fileRef = 9A6B47D124E80F41008FF12A /* SceneDelegate.swift */; };
		9A6B47D424E80F41008FF12A /* HomeViewController.swift in Sources */ = {isa = PBXBuildFile; fileRef = 9A6B47D324E80F41008FF12A /* HomeViewController.swift */; };
		9A6B47D724E80F41008FF12A /* Main.storyboard in Resources */ = {isa = PBXBuildFile; fileRef = 9A6B47D524E80F41008FF12A /* Main.storyboard */; };
		9A6B47D924E80F4A008FF12A /* Assets.xcassets in Resources */ = {isa = PBXBuildFile; fileRef = 9A6B47D824E80F4A008FF12A /* Assets.xcassets */; };
		9A6B47DC24E80F4A008FF12A /* LaunchScreen.storyboard in Resources */ = {isa = PBXBuildFile; fileRef = 9A6B47DA24E80F4A008FF12A /* LaunchScreen.storyboard */; };
		9A6B47E724E80F4B008FF12A /* WiproTestTests.swift in Sources */ = {isa = PBXBuildFile; fileRef = 9A6B47E624E80F4B008FF12A /* WiproTestTests.swift */; };
		9A6B47F224E80F4B008FF12A /* WiproTestUITests.swift in Sources */ = {isa = PBXBuildFile; fileRef = 9A6B47F124E80F4B008FF12A /* WiproTestUITests.swift */; };
		9A6B480324E80FDD008FF12A /* Alert.swift in Sources */ = {isa = PBXBuildFile; fileRef = 9A6B480024E80FDD008FF12A /* Alert.swift */; };
		9A6B480424E80FDD008FF12A /* Result.swift in Sources */ = {isa = PBXBuildFile; fileRef = 9A6B480124E80FDD008FF12A /* Result.swift */; };
		9A6B480524E80FDD008FF12A /* Bindable.swift in Sources */ = {isa = PBXBuildFile; fileRef = 9A6B480224E80FDD008FF12A /* Bindable.swift */; };
		9A6B480C24E814AE008FF12A /* Throttler.swift in Sources */ = {isa = PBXBuildFile; fileRef = 9A6B480B24E814AE008FF12A /* Throttler.swift */; };
		9A6B480F24E814ED008FF12A /* MusicData.swift in Sources */ = {isa = PBXBuildFile; fileRef = 9A6B480E24E814ED008FF12A /* MusicData.swift */; };
		9A6B481124E82180008FF12A /* AppServerClient.swift in Sources */ = {isa = PBXBuildFile; fileRef = 9A6B481024E82180008FF12A /* AppServerClient.swift */; };
		9A6B481324E82228008FF12A /* HomeViewModel.swift in Sources */ = {isa = PBXBuildFile; fileRef = 9A6B481224E82228008FF12A /* HomeViewModel.swift */; };
/* End PBXBuildFile section */

/* Begin PBXContainerItemProxy section */
		9A6B47E324E80F4B008FF12A /* PBXContainerItemProxy */ = {
			isa = PBXContainerItemProxy;
			containerPortal = 9A6B47C424E80F41008FF12A /* Project object */;
			proxyType = 1;
			remoteGlobalIDString = 9A6B47CB24E80F41008FF12A;
			remoteInfo = WiproTest;
		};
		9A6B47EE24E80F4B008FF12A /* PBXContainerItemProxy */ = {
			isa = PBXContainerItemProxy;
			containerPortal = 9A6B47C424E80F41008FF12A /* Project object */;
			proxyType = 1;
			remoteGlobalIDString = 9A6B47CB24E80F41008FF12A;
			remoteInfo = WiproTest;
		};
/* End PBXContainerItemProxy section */

/* Begin PBXFileReference section */
		9A6B47CC24E80F41008FF12A /* WiproTest.app */ = {isa = PBXFileReference; explicitFileType = wrapper.application; includeInIndex = 0; path = WiproTest.app; sourceTree = BUILT_PRODUCTS_DIR; };
		9A6B47CF24E80F41008FF12A /* AppDelegate.swift */ = {isa = PBXFileReference; lastKnownFileType = sourcecode.swift; path = AppDelegate.swift; sourceTree = "<group>"; };
		9A6B47D124E80F41008FF12A /* SceneDelegate.swift */ = {isa = PBXFileReference; lastKnownFileType = sourcecode.swift; path = SceneDelegate.swift; sourceTree = "<group>"; };
		9A6B47D324E80F41008FF12A /* HomeViewController.swift */ = {isa = PBXFileReference; lastKnownFileType = sourcecode.swift; path = HomeViewController.swift; sourceTree = "<group>"; };
		9A6B47D624E80F41008FF12A /* Base */ = {isa = PBXFileReference; lastKnownFileType = file.storyboard; name = Base; path = Base.lproj/Main.storyboard; sourceTree = "<group>"; };
		9A6B47D824E80F4A008FF12A /* Assets.xcassets */ = {isa = PBXFileReference; lastKnownFileType = folder.assetcatalog; path = Assets.xcassets; sourceTree = "<group>"; };
		9A6B47DB24E80F4A008FF12A /* Base */ = {isa = PBXFileReference; lastKnownFileType = file.storyboard; name = Base; path = Base.lproj/LaunchScreen.storyboard; sourceTree = "<group>"; };
		9A6B47DD24E80F4A008FF12A /* Info.plist */ = {isa = PBXFileReference; lastKnownFileType = text.plist.xml; path = Info.plist; sourceTree = "<group>"; };
		9A6B47E224E80F4B008FF12A /* WiproTestTests.xctest */ = {isa = PBXFileReference; explicitFileType = wrapper.cfbundle; includeInIndex = 0; path = WiproTestTests.xctest; sourceTree = BUILT_PRODUCTS_DIR; };
		9A6B47E624E80F4B008FF12A /* WiproTestTests.swift */ = {isa = PBXFileReference; lastKnownFileType = sourcecode.swift; path = WiproTestTests.swift; sourceTree = "<group>"; };
		9A6B47E824E80F4B008FF12A /* Info.plist */ = {isa = PBXFileReference; lastKnownFileType = text.plist.xml; path = Info.plist; sourceTree = "<group>"; };
		9A6B47ED24E80F4B008FF12A /* WiproTestUITests.xctest */ = {isa = PBXFileReference; explicitFileType = wrapper.cfbundle; includeInIndex = 0; path = WiproTestUITests.xctest; sourceTree = BUILT_PRODUCTS_DIR; };
		9A6B47F124E80F4B008FF12A /* WiproTestUITests.swift */ = {isa = PBXFileReference; lastKnownFileType = sourcecode.swift; path = WiproTestUITests.swift; sourceTree = "<group>"; };
		9A6B47F324E80F4B008FF12A /* Info.plist */ = {isa = PBXFileReference; lastKnownFileType = text.plist.xml; path = Info.plist; sourceTree = "<group>"; };
		9A6B480024E80FDD008FF12A /* Alert.swift */ = {isa = PBXFileReference; fileEncoding = 4; lastKnownFileType = sourcecode.swift; path = Alert.swift; sourceTree = "<group>"; };
		9A6B480124E80FDD008FF12A /* Result.swift */ = {isa = PBXFileReference; fileEncoding = 4; lastKnownFileType = sourcecode.swift; path = Result.swift; sourceTree = "<group>"; };
		9A6B480224E80FDD008FF12A /* Bindable.swift */ = {isa = PBXFileReference; fileEncoding = 4; lastKnownFileType = sourcecode.swift; path = Bindable.swift; sourceTree = "<group>"; };
		9A6B480B24E814AE008FF12A /* Throttler.swift */ = {isa = PBXFileReference; lastKnownFileType = sourcecode.swift; path = Throttler.swift; sourceTree = "<group>"; };
		9A6B480E24E814ED008FF12A /* MusicData.swift */ = {isa = PBXFileReference; lastKnownFileType = sourcecode.swift; path = MusicData.swift; sourceTree = "<group>"; };
		9A6B481024E82180008FF12A /* AppServerClient.swift */ = {isa = PBXFileReference; lastKnownFileType = sourcecode.swift; path = AppServerClient.swift; sourceTree = "<group>"; };
		9A6B481224E82228008FF12A /* HomeViewModel.swift */ = {isa = PBXFileReference; lastKnownFileType = sourcecode.swift; path = HomeViewModel.swift; sourceTree = "<group>"; };
/* End PBXFileReference section */

/* Begin PBXFrameworksBuildPhase section */
		9A6B47C924E80F41008FF12A /* Frameworks */ = {
			isa = PBXFrameworksBuildPhase;
			buildActionMask = 2147483647;
			files = (
			);
			runOnlyForDeploymentPostprocessing = 0;
		};
		9A6B47DF24E80F4B008FF12A /* Frameworks */ = {
			isa = PBXFrameworksBuildPhase;
			buildActionMask = 2147483647;
			files = (
			);
			runOnlyForDeploymentPostprocessing = 0;
		};
		9A6B47EA24E80F4B008FF12A /* Frameworks */ = {
			isa = PBXFrameworksBuildPhase;
			buildActionMask = 2147483647;
			files = (
			);
			runOnlyForDeploymentPostprocessing = 0;
		};
/* End PBXFrameworksBuildPhase section */

/* Begin PBXGroup section */
		9A6B47C324E80F41008FF12A = {
			isa = PBXGroup;
			children = (
				9A6B47CE24E80F41008FF12A /* WiproTest */,
				9A6B47E524E80F4B008FF12A /* WiproTestTests */,
				9A6B47F024E80F4B008FF12A /* WiproTestUITests */,
				9A6B47CD24E80F41008FF12A /* Products */,
			);
			sourceTree = "<group>";
		};
		9A6B47CD24E80F41008FF12A /* Products */ = {
			isa = PBXGroup;
			children = (
				9A6B47CC24E80F41008FF12A /* WiproTest.app */,
				9A6B47E224E80F4B008FF12A /* WiproTestTests.xctest */,
				9A6B47ED24E80F4B008FF12A /* WiproTestUITests.xctest */,
			);
			name = Products;
			sourceTree = "<group>";
		};
		9A6B47CE24E80F41008FF12A /* WiproTest */ = {
			isa = PBXGroup;
			children = (
				9A6B480D24E814CD008FF12A /* API */,
				9A6B480624E80FE4008FF12A /* App Delegate */,
				9A6B47FF24E80FDD008FF12A /* Helper */,
				9A6B480724E81021008FF12A /* Home Music */,
				9A6B480824E81047008FF12A /* Views */,
				9A6B47D824E80F4A008FF12A /* Assets.xcassets */,
				9A6B47DD24E80F4A008FF12A /* Info.plist */,
			);
			path = WiproTest;
			sourceTree = "<group>";
		};
		9A6B47E524E80F4B008FF12A /* WiproTestTests */ = {
			isa = PBXGroup;
			children = (
				9A6B47E624E80F4B008FF12A /* WiproTestTests.swift */,
				9A6B47E824E80F4B008FF12A /* Info.plist */,
			);
			path = WiproTestTests;
			sourceTree = "<group>";
		};
		9A6B47F024E80F4B008FF12A /* WiproTestUITests */ = {
			isa = PBXGroup;
			children = (
				9A6B47F124E80F4B008FF12A /* WiproTestUITests.swift */,
				9A6B47F324E80F4B008FF12A /* Info.plist */,
			);
			path = WiproTestUITests;
			sourceTree = "<group>";
		};
		9A6B47FF24E80FDD008FF12A /* Helper */ = {
			isa = PBXGroup;
			children = (
				9A6B480024E80FDD008FF12A /* Alert.swift */,
				9A6B480124E80FDD008FF12A /* Result.swift */,
				9A6B480224E80FDD008FF12A /* Bindable.swift */,
				9A6B480B24E814AE008FF12A /* Throttler.swift */,
			);
			path = Helper;
			sourceTree = "<group>";
		};
		9A6B480624E80FE4008FF12A /* App Delegate */ = {
			isa = PBXGroup;
			children = (
				9A6B47CF24E80F41008FF12A /* AppDelegate.swift */,
				9A6B47D124E80F41008FF12A /* SceneDelegate.swift */,
			);
			path = "App Delegate";
			sourceTree = "<group>";
		};
		9A6B480724E81021008FF12A /* Home Music */ = {
			isa = PBXGroup;
			children = (
				9A6B47D324E80F41008FF12A /* HomeViewController.swift */,
				9A6B481224E82228008FF12A /* HomeViewModel.swift */,
				9A6B480E24E814ED008FF12A /* MusicData.swift */,
			);
			path = "Home Music";
			sourceTree = "<group>";
		};
		9A6B480824E81047008FF12A /* Views */ = {
			isa = PBXGroup;
			children = (
				9A6B47D524E80F41008FF12A /* Main.storyboard */,
				9A6B47DA24E80F4A008FF12A /* LaunchScreen.storyboard */,
			);
			path = Views;
			sourceTree = "<group>";
		};
		9A6B480D24E814CD008FF12A /* API */ = {
			isa = PBXGroup;
			children = (
				9A6B481024E82180008FF12A /* AppServerClient.swift */,
			);
			path = API;
			sourceTree = "<group>";
		};
/* End PBXGroup section */

/* Begin PBXNativeTarget section */
		9A6B47CB24E80F41008FF12A /* WiproTest */ = {
			isa = PBXNativeTarget;
			buildConfigurationList = 9A6B47F624E80F4B008FF12A /* Build configuration list for PBXNativeTarget "WiproTest" */;
			buildPhases = (
				9A6B47C824E80F41008FF12A /* Sources */,
				9A6B47C924E80F41008FF12A /* Frameworks */,
				9A6B47CA24E80F41008FF12A /* Resources */,
			);
			buildRules = (
			);
			dependencies = (
			);
			name = WiproTest;
			productName = WiproTest;
			productReference = 9A6B47CC24E80F41008FF12A /* WiproTest.app */;
			productType = "com.apple.product-type.application";
		};
		9A6B47E124E80F4B008FF12A /* WiproTestTests */ = {
			isa = PBXNativeTarget;
			buildConfigurationList = 9A6B47F924E80F4B008FF12A /* Build configuration list for PBXNativeTarget "WiproTestTests" */;
			buildPhases = (
				9A6B47DE24E80F4B008FF12A /* Sources */,
				9A6B47DF24E80F4B008FF12A /* Frameworks */,
				9A6B47E024E80F4B008FF12A /* Resources */,
			);
			buildRules = (
			);
			dependencies = (
				9A6B47E424E80F4B008FF12A /* PBXTargetDependency */,
			);
			name = WiproTestTests;
			productName = WiproTestTests;
			productReference = 9A6B47E224E80F4B008FF12A /* WiproTestTests.xctest */;
			productType = "com.apple.product-type.bundle.unit-test";
		};
		9A6B47EC24E80F4B008FF12A /* WiproTestUITests */ = {
			isa = PBXNativeTarget;
			buildConfigurationList = 9A6B47FC24E80F4B008FF12A /* Build configuration list for PBXNativeTarget "WiproTestUITests" */;
			buildPhases = (
				9A6B47E924E80F4B008FF12A /* Sources */,
				9A6B47EA24E80F4B008FF12A /* Frameworks */,
				9A6B47EB24E80F4B008FF12A /* Resources */,
			);
			buildRules = (
			);
			dependencies = (
				9A6B47EF24E80F4B008FF12A /* PBXTargetDependency */,
			);
			name = WiproTestUITests;
			productName = WiproTestUITests;
			productReference = 9A6B47ED24E80F4B008FF12A /* WiproTestUITests.xctest */;
			productType = "com.apple.product-type.bundle.ui-testing";
		};
/* End PBXNativeTarget section */

/* Begin PBXProject section */
		9A6B47C424E80F41008FF12A /* Project object */ = {
			isa = PBXProject;
			attributes = {
				LastSwiftUpdateCheck = 1160;
				LastUpgradeCheck = 1160;
				ORGANIZATIONNAME = "Ajay Odedra";
				TargetAttributes = {
					9A6B47CB24E80F41008FF12A = {
						CreatedOnToolsVersion = 11.6;
					};
					9A6B47E124E80F4B008FF12A = {
						CreatedOnToolsVersion = 11.6;
						TestTargetID = 9A6B47CB24E80F41008FF12A;
					};
					9A6B47EC24E80F4B008FF12A = {
						CreatedOnToolsVersion = 11.6;
						TestTargetID = 9A6B47CB24E80F41008FF12A;
					};
				};
			};
			buildConfigurationList = 9A6B47C724E80F41008FF12A /* Build configuration list for PBXProject "WiproTest" */;
			compatibilityVersion = "Xcode 9.3";
			developmentRegion = en;
			hasScannedForEncodings = 0;
			knownRegions = (
				en,
				Base,
			);
			mainGroup = 9A6B47C324E80F41008FF12A;
			productRefGroup = 9A6B47CD24E80F41008FF12A /* Products */;
			projectDirPath = "";
			projectRoot = "";
			targets = (
				9A6B47CB24E80F41008FF12A /* WiproTest */,
				9A6B47E124E80F4B008FF12A /* WiproTestTests */,
				9A6B47EC24E80F4B008FF12A /* WiproTestUITests */,
			);
		};
/* End PBXProject section */

/* Begin PBXResourcesBuildPhase section */
		9A6B47CA24E80F41008FF12A /* Resources */ = {
			isa = PBXResourcesBuildPhase;
			buildActionMask = 2147483647;
			files = (
				9A6B47DC24E80F4A008FF12A /* LaunchScreen.storyboard in Resources */,
				9A6B47D924E80F4A008FF12A /* Assets.xcassets in Resources */,
				9A6B47D724E80F41008FF12A /* Main.storyboard in Resources */,
			);
			runOnlyForDeploymentPostprocessing = 0;
		};
		9A6B47E024E80F4B008FF12A /* Resources */ = {
			isa = PBXResourcesBuildPhase;
			buildActionMask = 2147483647;
			files = (
			);
			runOnlyForDeploymentPostprocessing = 0;
		};
		9A6B47EB24E80F4B008FF12A /* Resources */ = {
			isa = PBXResourcesBuildPhase;
			buildActionMask = 2147483647;
			files = (
			);
			runOnlyForDeploymentPostprocessing = 0;
		};
/* End PBXResourcesBuildPhase section */

/* Begin PBXSourcesBuildPhase section */
		9A6B47C824E80F41008FF12A /* Sources */ = {
			isa = PBXSourcesBuildPhase;
			buildActionMask = 2147483647;
			files = (
				9A6B47D424E80F41008FF12A /* HomeViewController.swift in Sources */,
				9A6B480424E80FDD008FF12A /* Result.swift in Sources */,
				9A6B480C24E814AE008FF12A /* Throttler.swift in Sources */,
				9A6B481324E82228008FF12A /* HomeViewModel.swift in Sources */,
				9A6B480524E80FDD008FF12A /* Bindable.swift in Sources */,
				9A6B47D024E80F41008FF12A /* AppDelegate.swift in Sources */,
				9A6B480F24E814ED008FF12A /* MusicData.swift in Sources */,
				9A6B480324E80FDD008FF12A /* Alert.swift in Sources */,
				9A6B47D224E80F41008FF12A /* SceneDelegate.swift in Sources */,
				9A6B481124E82180008FF12A /* AppServerClient.swift in Sources */,
			);
			runOnlyForDeploymentPostprocessing = 0;
		};
		9A6B47DE24E80F4B008FF12A /* Sources */ = {
			isa = PBXSourcesBuildPhase;
			buildActionMask = 2147483647;
			files = (
				9A6B47E724E80F4B008FF12A /* WiproTestTests.swift in Sources */,
			);
			runOnlyForDeploymentPostprocessing = 0;
		};
		9A6B47E924E80F4B008FF12A /* Sources */ = {
			isa = PBXSourcesBuildPhase;
			buildActionMask = 2147483647;
			files = (
				9A6B47F224E80F4B008FF12A /* WiproTestUITests.swift in Sources */,
			);
			runOnlyForDeploymentPostprocessing = 0;
		};
/* End PBXSourcesBuildPhase section */

/* Begin PBXTargetDependency section */
		9A6B47E424E80F4B008FF12A /* PBXTargetDependency */ = {
			isa = PBXTargetDependency;
			target = 9A6B47CB24E80F41008FF12A /* WiproTest */;
			targetProxy = 9A6B47E324E80F4B008FF12A /* PBXContainerItemProxy */;
		};
		9A6B47EF24E80F4B008FF12A /* PBXTargetDependency */ = {
			isa = PBXTargetDependency;
			target = 9A6B47CB24E80F41008FF12A /* WiproTest */;
			targetProxy = 9A6B47EE24E80F4B008FF12A /* PBXContainerItemProxy */;
		};
/* End PBXTargetDependency section */

/* Begin PBXVariantGroup section */
		9A6B47D524E80F41008FF12A /* Main.storyboard */ = {
			isa = PBXVariantGroup;
			children = (
				9A6B47D624E80F41008FF12A /* Base */,
			);
			name = Main.storyboard;
			sourceTree = "<group>";
		};
		9A6B47DA24E80F4A008FF12A /* LaunchScreen.storyboard */ = {
			isa = PBXVariantGroup;
			children = (
				9A6B47DB24E80F4A008FF12A /* Base */,
			);
			name = LaunchScreen.storyboard;
			sourceTree = "<group>";
		};
/* End PBXVariantGroup section */

/* Begin XCBuildConfiguration section */
		9A6B47F424E80F4B008FF12A /* Debug */ = {
			isa = XCBuildConfiguration;
			buildSettings = {
				ALWAYS_SEARCH_USER_PATHS = NO;
				CLANG_ANALYZER_NONNULL = YES;
				CLANG_ANALYZER_NUMBER_OBJECT_CONVERSION = YES_AGGRESSIVE;
				CLANG_CXX_LANGUAGE_STANDARD = "gnu++14";
				CLANG_CXX_LIBRARY = "libc++";
				CLANG_ENABLE_MODULES = YES;
				CLANG_ENABLE_OBJC_ARC = YES;
				CLANG_ENABLE_OBJC_WEAK = YES;
				CLANG_WARN_BLOCK_CAPTURE_AUTORELEASING = YES;
				CLANG_WARN_BOOL_CONVERSION = YES;
				CLANG_WARN_COMMA = YES;
				CLANG_WARN_CONSTANT_CONVERSION = YES;
				CLANG_WARN_DEPRECATED_OBJC_IMPLEMENTATIONS = YES;
				CLANG_WARN_DIRECT_OBJC_ISA_USAGE = YES_ERROR;
				CLANG_WARN_DOCUMENTATION_COMMENTS = YES;
				CLANG_WARN_EMPTY_BODY = YES;
				CLANG_WARN_ENUM_CONVERSION = YES;
				CLANG_WARN_INFINITE_RECURSION = YES;
				CLANG_WARN_INT_CONVERSION = YES;
				CLANG_WARN_NON_LITERAL_NULL_CONVERSION = YES;
				CLANG_WARN_OBJC_IMPLICIT_RETAIN_SELF = YES;
				CLANG_WARN_OBJC_LITERAL_CONVERSION = YES;
				CLANG_WARN_OBJC_ROOT_CLASS = YES_ERROR;
				CLANG_WARN_RANGE_LOOP_ANALYSIS = YES;
				CLANG_WARN_STRICT_PROTOTYPES = YES;
				CLANG_WARN_SUSPICIOUS_MOVE = YES;
				CLANG_WARN_UNGUARDED_AVAILABILITY = YES_AGGRESSIVE;
				CLANG_WARN_UNREACHABLE_CODE = YES;
				CLANG_WARN__DUPLICATE_METHOD_MATCH = YES;
				COPY_PHASE_STRIP = NO;
				DEBUG_INFORMATION_FORMAT = dwarf;
				ENABLE_STRICT_OBJC_MSGSEND = YES;
				ENABLE_TESTABILITY = YES;
				GCC_C_LANGUAGE_STANDARD = gnu11;
				GCC_DYNAMIC_NO_PIC = NO;
				GCC_NO_COMMON_BLOCKS = YES;
				GCC_OPTIMIZATION_LEVEL = 0;
				GCC_PREPROCESSOR_DEFINITIONS = (
					"DEBUG=1",
					"$(inherited)",
				);
				GCC_WARN_64_TO_32_BIT_CONVERSION = YES;
				GCC_WARN_ABOUT_RETURN_TYPE = YES_ERROR;
				GCC_WARN_UNDECLARED_SELECTOR = YES;
				GCC_WARN_UNINITIALIZED_AUTOS = YES_AGGRESSIVE;
				GCC_WARN_UNUSED_FUNCTION = YES;
				GCC_WARN_UNUSED_VARIABLE = YES;
				IPHONEOS_DEPLOYMENT_TARGET = 13.6;
				MTL_ENABLE_DEBUG_INFO = INCLUDE_SOURCE;
				MTL_FAST_MATH = YES;
				ONLY_ACTIVE_ARCH = YES;
				SDKROOT = iphoneos;
				SWIFT_ACTIVE_COMPILATION_CONDITIONS = DEBUG;
				SWIFT_OPTIMIZATION_LEVEL = "-Onone";
			};
			name = Debug;
		};
		9A6B47F524E80F4B008FF12A /* Release */ = {
			isa = XCBuildConfiguration;
			buildSettings = {
				ALWAYS_SEARCH_USER_PATHS = NO;
				CLANG_ANALYZER_NONNULL = YES;
				CLANG_ANALYZER_NUMBER_OBJECT_CONVERSION = YES_AGGRESSIVE;
				CLANG_CXX_LANGUAGE_STANDARD = "gnu++14";
				CLANG_CXX_LIBRARY = "libc++";
				CLANG_ENABLE_MODULES = YES;
				CLANG_ENABLE_OBJC_ARC = YES;
				CLANG_ENABLE_OBJC_WEAK = YES;
				CLANG_WARN_BLOCK_CAPTURE_AUTORELEASING = YES;
				CLANG_WARN_BOOL_CONVERSION = YES;
				CLANG_WARN_COMMA = YES;
				CLANG_WARN_CONSTANT_CONVERSION = YES;
				CLANG_WARN_DEPRECATED_OBJC_IMPLEMENTATIONS = YES;
				CLANG_WARN_DIRECT_OBJC_ISA_USAGE = YES_ERROR;
				CLANG_WARN_DOCUMENTATION_COMMENTS = YES;
				CLANG_WARN_EMPTY_BODY = YES;
				CLANG_WARN_ENUM_CONVERSION = YES;
				CLANG_WARN_INFINITE_RECURSION = YES;
				CLANG_WARN_INT_CONVERSION = YES;
				CLANG_WARN_NON_LITERAL_NULL_CONVERSION = YES;
				CLANG_WARN_OBJC_IMPLICIT_RETAIN_SELF = YES;
				CLANG_WARN_OBJC_LITERAL_CONVERSION = YES;
				CLANG_WARN_OBJC_ROOT_CLASS = YES_ERROR;
				CLANG_WARN_RANGE_LOOP_ANALYSIS = YES;
				CLANG_WARN_STRICT_PROTOTYPES = YES;
				CLANG_WARN_SUSPICIOUS_MOVE = YES;
				CLANG_WARN_UNGUARDED_AVAILABILITY = YES_AGGRESSIVE;
				CLANG_WARN_UNREACHABLE_CODE = YES;
				CLANG_WARN__DUPLICATE_METHOD_MATCH = YES;
				COPY_PHASE_STRIP = NO;
				DEBUG_INFORMATION_FORMAT = "dwarf-with-dsym";
				ENABLE_NS_ASSERTIONS = NO;
				ENABLE_STRICT_OBJC_MSGSEND = YES;
				GCC_C_LANGUAGE_STANDARD = gnu11;
				GCC_NO_COMMON_BLOCKS = YES;
				GCC_WARN_64_TO_32_BIT_CONVERSION = YES;
				GCC_WARN_ABOUT_RETURN_TYPE = YES_ERROR;
				GCC_WARN_UNDECLARED_SELECTOR = YES;
				GCC_WARN_UNINITIALIZED_AUTOS = YES_AGGRESSIVE;
				GCC_WARN_UNUSED_FUNCTION = YES;
				GCC_WARN_UNUSED_VARIABLE = YES;
				IPHONEOS_DEPLOYMENT_TARGET = 13.6;
				MTL_ENABLE_DEBUG_INFO = NO;
				MTL_FAST_MATH = YES;
				SDKROOT = iphoneos;
				SWIFT_COMPILATION_MODE = wholemodule;
				SWIFT_OPTIMIZATION_LEVEL = "-O";
				VALIDATE_PRODUCT = YES;
			};
			name = Release;
		};
		9A6B47F724E80F4B008FF12A /* Debug */ = {
			isa = XCBuildConfiguration;
			buildSettings = {
				ASSETCATALOG_COMPILER_APPICON_NAME = AppIcon;
				CODE_SIGN_STYLE = Automatic;
				DEVELOPMENT_TEAM = KK654UCVNQ;
				INFOPLIST_FILE = WiproTest/Info.plist;
				LD_RUNPATH_SEARCH_PATHS = (
					"$(inherited)",
					"@executable_path/Frameworks",
				);
				PRODUCT_BUNDLE_IDENTIFIER = com.softwarechefs.WiproTest;
				PRODUCT_NAME = "$(TARGET_NAME)";
				SWIFT_VERSION = 5.0;
				TARGETED_DEVICE_FAMILY = "1,2";
			};
			name = Debug;
		};
		9A6B47F824E80F4B008FF12A /* Release */ = {
			isa = XCBuildConfiguration;
			buildSettings = {
				ASSETCATALOG_COMPILER_APPICON_NAME = AppIcon;
				CODE_SIGN_STYLE = Automatic;
				DEVELOPMENT_TEAM = KK654UCVNQ;
				INFOPLIST_FILE = WiproTest/Info.plist;
				LD_RUNPATH_SEARCH_PATHS = (
					"$(inherited)",
					"@executable_path/Frameworks",
				);
				PRODUCT_BUNDLE_IDENTIFIER = com.softwarechefs.WiproTest;
				PRODUCT_NAME = "$(TARGET_NAME)";
				SWIFT_VERSION = 5.0;
				TARGETED_DEVICE_FAMILY = "1,2";
			};
			name = Release;
		};
		9A6B47FA24E80F4B008FF12A /* Debug */ = {
			isa = XCBuildConfiguration;
			buildSettings = {
				ALWAYS_EMBED_SWIFT_STANDARD_LIBRARIES = YES;
				BUNDLE_LOADER = "$(TEST_HOST)";
				CODE_SIGN_STYLE = Automatic;
				DEVELOPMENT_TEAM = KK654UCVNQ;
				INFOPLIST_FILE = WiproTestTests/Info.plist;
				IPHONEOS_DEPLOYMENT_TARGET = 13.6;
				LD_RUNPATH_SEARCH_PATHS = (
					"$(inherited)",
					"@executable_path/Frameworks",
					"@loader_path/Frameworks",
				);
				PRODUCT_BUNDLE_IDENTIFIER = com.softwarechefs.WiproTestTests;
				PRODUCT_NAME = "$(TARGET_NAME)";
				SWIFT_VERSION = 5.0;
				TARGETED_DEVICE_FAMILY = "1,2";
				TEST_HOST = "$(BUILT_PRODUCTS_DIR)/WiproTest.app/WiproTest";
			};
			name = Debug;
		};
		9A6B47FB24E80F4B008FF12A /* Release */ = {
			isa = XCBuildConfiguration;
			buildSettings = {
				ALWAYS_EMBED_SWIFT_STANDARD_LIBRARIES = YES;
				BUNDLE_LOADER = "$(TEST_HOST)";
				CODE_SIGN_STYLE = Automatic;
				DEVELOPMENT_TEAM = KK654UCVNQ;
				INFOPLIST_FILE = WiproTestTests/Info.plist;
				IPHONEOS_DEPLOYMENT_TARGET = 13.6;
				LD_RUNPATH_SEARCH_PATHS = (
					"$(inherited)",
					"@executable_path/Frameworks",
					"@loader_path/Frameworks",
				);
				PRODUCT_BUNDLE_IDENTIFIER = com.softwarechefs.WiproTestTests;
				PRODUCT_NAME = "$(TARGET_NAME)";
				SWIFT_VERSION = 5.0;
				TARGETED_DEVICE_FAMILY = "1,2";
				TEST_HOST = "$(BUILT_PRODUCTS_DIR)/WiproTest.app/WiproTest";
			};
			name = Release;
		};
		9A6B47FD24E80F4B008FF12A /* Debug */ = {
			isa = XCBuildConfiguration;
			buildSettings = {
				ALWAYS_EMBED_SWIFT_STANDARD_LIBRARIES = YES;
				CODE_SIGN_STYLE = Automatic;
				DEVELOPMENT_TEAM = KK654UCVNQ;
				INFOPLIST_FILE = WiproTestUITests/Info.plist;
				LD_RUNPATH_SEARCH_PATHS = (
					"$(inherited)",
					"@executable_path/Frameworks",
					"@loader_path/Frameworks",
				);
				PRODUCT_BUNDLE_IDENTIFIER = com.softwarechefs.WiproTestUITests;
				PRODUCT_NAME = "$(TARGET_NAME)";
				SWIFT_VERSION = 5.0;
				TARGETED_DEVICE_FAMILY = "1,2";
				TEST_TARGET_NAME = WiproTest;
			};
			name = Debug;
		};
		9A6B47FE24E80F4B008FF12A /* Release */ = {
			isa = XCBuildConfiguration;
			buildSettings = {
				ALWAYS_EMBED_SWIFT_STANDARD_LIBRARIES = YES;
				CODE_SIGN_STYLE = Automatic;
				DEVELOPMENT_TEAM = KK654UCVNQ;
				INFOPLIST_FILE = WiproTestUITests/Info.plist;
				LD_RUNPATH_SEARCH_PATHS = (
					"$(inherited)",
					"@executable_path/Frameworks",
					"@loader_path/Frameworks",
				);
				PRODUCT_BUNDLE_IDENTIFIER = com.softwarechefs.WiproTestUITests;
				PRODUCT_NAME = "$(TARGET_NAME)";
				SWIFT_VERSION = 5.0;
				TARGETED_DEVICE_FAMILY = "1,2";
				TEST_TARGET_NAME = WiproTest;
			};
			name = Release;
		};
/* End XCBuildConfiguration section */

/* Begin XCConfigurationList section */
		9A6B47C724E80F41008FF12A /* Build configuration list for PBXProject "WiproTest" */ = {
			isa = XCConfigurationList;
			buildConfigurations = (
				9A6B47F424E80F4B008FF12A /* Debug */,
				9A6B47F524E80F4B008FF12A /* Release */,
			);
			defaultConfigurationIsVisible = 0;
			defaultConfigurationName = Release;
		};
		9A6B47F624E80F4B008FF12A /* Build configuration list for PBXNativeTarget "WiproTest" */ = {
			isa = XCConfigurationList;
			buildConfigurations = (
				9A6B47F724E80F4B008FF12A /* Debug */,
				9A6B47F824E80F4B008FF12A /* Release */,
			);
			defaultConfigurationIsVisible = 0;
			defaultConfigurationName = Release;
		};
		9A6B47F924E80F4B008FF12A /* Build configuration list for PBXNativeTarget "WiproTestTests" */ = {
			isa = XCConfigurationList;
			buildConfigurations = (
				9A6B47FA24E80F4B008FF12A /* Debug */,
				9A6B47FB24E80F4B008FF12A /* Release */,
			);
			defaultConfigurationIsVisible = 0;
			defaultConfigurationName = Release;
		};
		9A6B47FC24E80F4B008FF12A /* Build configuration list for PBXNativeTarget "WiproTestUITests" */ = {
			isa = XCConfigurationList;
			buildConfigurations = (
				9A6B47FD24E80F4B008FF12A /* Debug */,
				9A6B47FE24E80F4B008FF12A /* Release */,
			);
			defaultConfigurationIsVisible = 0;
			defaultConfigurationName = Release;
		};
/* End XCConfigurationList section */
	};
	rootObject = 9A6B47C424E80F41008FF12A /* Project object */;
}
